
Microsoft Visual Studio Solution File, Format Version 11.00
# Visual Studio 2010
Project("{FAE04EC0-301F-11D3-BF4B-00C04F79EFBC}") = "UnityEngine.UI", "UnityEngine.UI.csproj", "{08087832-1a54-4acb-e2e9-6279bdd1db59}"
EndProject
Project("{FAE04EC0-301F-11D3-BF4B-00C04F79EFBC}") = "UnityEngine.TestRunner", "UnityEngine.TestRunner.csproj", "{1bb5c257-2860-682e-4a05-e2bb9aafaaf7}"
EndProject
Project("{FAE04EC0-301F-11D3-BF4B-00C04F79EFBC}") = "Assembly-CSharp", "Assembly-CSharp.csproj", "{d0c56549-4974-3356-0a93-ca8a628401b0}"
EndProject
Project("{FAE04EC0-301F-11D3-BF4B-00C04F79EFBC}") = "Unity.Timeline", "Unity.Timeline.csproj", "{21d2496a-cd55-1ba7-9b61-989646d51de8}"
EndProject
Project("{FAE04EC0-301F-11D3-BF4B-00C04F79EFBC}") = "Unity.TextMeshPro", "Unity.TextMeshPro.csproj", "{1a23088a-8130-c715-6c6d-2c8fbbb552ea}"
EndProject
Project("{FAE04EC0-301F-11D3-BF4B-00C04F79EFBC}") = "heaven-doors.chat-discrimination-prevento", "heaven-doors.chat-discrimination-prevento.csproj", "{2c8d91b3-cdc5-f328-a2e8-3baf45f4889f}"
EndProject
Project("{FAE04EC0-301F-11D3-BF4B-00C04F79EFBC}") = "UnityEditor.TestRunner", "UnityEditor.TestRunner.csproj", "{2cb6057c-5f1e-a0b8-1ccb-19f650800d12}"
EndProject
Project("{FAE04EC0-301F-11D3-BF4B-00C04F79EFBC}") = "Unity.PlasticSCM.Editor", "Unity.PlasticSCM.Editor.csproj", "{186f1ee7-880e-3fd7-b11a-6c1d40e7f4a1}"
EndProject
Project("{FAE04EC0-301F-11D3-BF4B-00C04F79EFBC}") = "UnityEditor.UI", "UnityEditor.UI.csproj", "{a924a0dc-cdd7-6181-0feb-3cbd8726f806}"
EndProject
Project("{FAE04EC0-301F-11D3-BF4B-00C04F79EFBC}") = "Unity.Services.Core.Editor", "Unity.Services.Core.Editor.csproj", "{d3382c4d-7e9b-9ea5-046a-8bcfef9d403f}"
EndProject
Project("{FAE04EC0-301F-11D3-BF4B-00C04F79EFBC}") = "Unity.Timeline.Editor", "Unity.Timeline.Editor.csproj", "{33027580-44f9-3527-e448-eae744998e2e}"
EndProject
Project("{FAE04EC0-301F-11D3-BF4B-00C04F79EFBC}") = "Unity.VisualStudio.Editor", "Unity.VisualStudio.Editor.csproj", "{b8a69927-26d6-e2cc-e843-2a5ee22055ef}"
EndProject
Project("{FAE04EC0-301F-11D3-BF4B-00C04F79EFBC}") = "Unity.TextMeshPro.Editor", "Unity.TextMeshPro.Editor.csproj", "{54126e36-24d7-4f71-5432-80a52f2b4676}"
EndProject
Project("{FAE04EC0-301F-11D3-BF4B-00C04F79EFBC}") = "Unity.CollabProxy.Editor", "Unity.CollabProxy.Editor.csproj", "{4f86f399-652f-925e-973f-fe88cf16a309}"
EndProject
Project("{FAE04EC0-301F-11D3-BF4B-00C04F79EFBC}") = "Unity.Rider.Editor", "Unity.Rider.Editor.csproj", "{df762004-7ec8-d704-872d-99b8352539cc}"
EndProject
Project("{FAE04EC0-301F-11D3-BF4B-00C04F79EFBC}") = "Unity.VSCode.Editor", "Unity.VSCode.Editor.csproj", "{d137181e-e78c-7e5b-15b4-0c06d2dcfe18}"
EndProject
Project("{FAE04EC0-301F-11D3-BF4B-00C04F79EFBC}") = "Assembly-CSharp-Editor", "Assembly-CSharp-Editor.csproj", "{94b932f5-8c5d-d3e3-be68-078cda1fbce2}"
EndProject
Global
	GlobalSection(SolutionConfigurationPlatforms) = preSolution
		Debug|Any CPU = Debug|Any CPU
	EndGlobalSection
	GlobalSection(ProjectConfigurationPlatforms) = postSolution
		{08087832-1a54-4acb-e2e9-6279bdd1db59}.Debug|Any CPU.ActiveCfg = Debug|Any CPU
		{08087832-1a54-4acb-e2e9-6279bdd1db59}.Debug|Any CPU.Build.0 = Debug|Any CPU
		{1bb5c257-2860-682e-4a05-e2bb9aafaaf7}.Debug|Any CPU.ActiveCfg = Debug|Any CPU
		{1bb5c257-2860-682e-4a05-e2bb9aafaaf7}.Debug|Any CPU.Build.0 = Debug|Any CPU
		{d0c56549-4974-3356-0a93-ca8a628401b0}.Debug|Any CPU.ActiveCfg = Debug|Any CPU
		{d0c56549-4974-3356-0a93-ca8a628401b0}.Debug|Any CPU.Build.0 = Debug|Any CPU
		{21d2496a-cd55-1ba7-9b61-989646d51de8}.Debug|Any CPU.ActiveCfg = Debug|Any CPU
		{21d2496a-cd55-1ba7-9b61-989646d51de8}.Debug|Any CPU.Build.0 = Debug|Any CPU
		{1a23088a-8130-c715-6c6d-2c8fbbb552ea}.Debug|Any CPU.ActiveCfg = Debug|Any CPU
		{1a23088a-8130-c715-6c6d-2c8fbbb552ea}.Debug|Any CPU.Build.0 = Debug|Any CPU
		{2c8d91b3-cdc5-f328-a2e8-3baf45f4889f}.Debug|Any CPU.ActiveCfg = Debug|Any CPU
		{2c8d91b3-cdc5-f328-a2e8-3baf45f4889f}.Debug|Any CPU.Build.0 = Debug|Any CPU
		{2cb6057c-5f1e-a0b8-1ccb-19f650800d12}.Debug|Any CPU.ActiveCfg = Debug|Any CPU
		{2cb6057c-5f1e-a0b8-1ccb-19f650800d12}.Debug|Any CPU.Build.0 = Debug|Any CPU
		{186f1ee7-880e-3fd7-b11a-6c1d40e7f4a1}.Debug|Any CPU.ActiveCfg = Debug|Any CPU
		{186f1ee7-880e-3fd7-b11a-6c1d40e7f4a1}.Debug|Any CPU.Build.0 = Debug|Any CPU
		{a924a0dc-cdd7-6181-0feb-3cbd8726f806}.Debug|Any CPU.ActiveCfg = Debug|Any CPU
		{a924a0dc-cdd7-6181-0feb-3cbd8726f806}.Debug|Any CPU.Build.0 = Debug|Any CPU
		{d3382c4d-7e9b-9ea5-046a-8bcfef9d403f}.Debug|Any CPU.ActiveCfg = Debug|Any CPU
		{d3382c4d-7e9b-9ea5-046a-8bcfef9d403f}.Debug|Any CPU.Build.0 = Debug|Any CPU
		{33027580-44f9-3527-e448-eae744998e2e}.Debug|Any CPU.ActiveCfg = Debug|Any CPU
		{33027580-44f9-3527-e448-eae744998e2e}.Debug|Any CPU.Build.0 = Debug|Any CPU
		{b8a69927-26d6-e2cc-e843-2a5ee22055ef}.Debug|Any CPU.ActiveCfg = Debug|Any CPU
		{b8a69927-26d6-e2cc-e843-2a5ee22055ef}.Debug|Any CPU.Build.0 = Debug|Any CPU
		{54126e36-24d7-4f71-5432-80a52f2b4676}.Debug|Any CPU.ActiveCfg = Debug|Any CPU
		{54126e36-24d7-4f71-5432-80a52f2b4676}.Debug|Any CPU.Build.0 = Debug|Any CPU
		{4f86f399-652f-925e-973f-fe88cf16a309}.Debug|Any CPU.ActiveCfg = Debug|Any CPU
		{4f86f399-652f-925e-973f-fe88cf16a309}.Debug|Any CPU.Build.0 = Debug|Any CPU
		{df762004-7ec8-d704-872d-99b8352539cc}.Debug|Any CPU.ActiveCfg = Debug|Any CPU
		{df762004-7ec8-d704-872d-99b8352539cc}.Debug|Any CPU.Build.0 = Debug|Any CPU
		{d137181e-e78c-7e5b-15b4-0c06d2dcfe18}.Debug|Any CPU.ActiveCfg = Debug|Any CPU
		{d137181e-e78c-7e5b-15b4-0c06d2dcfe18}.Debug|Any CPU.Build.0 = Debug|Any CPU
		{94b932f5-8c5d-d3e3-be68-078cda1fbce2}.Debug|Any CPU.ActiveCfg = Debug|Any CPU
		{94b932f5-8c5d-d3e3-be68-078cda1fbce2}.Debug|Any CPU.Build.0 = Debug|Any CPU
	EndGlobalSection
	GlobalSection(SolutionProperties) = preSolution
		HideSolutionNode = FALSE
	EndGlobalSection
EndGlobal
